
Microsoft Visual Studio Solution File, Format Version 12.00
# Visual Studio 2012
Project("{FAE04EC0-301F-11D3-BF4B-00C04F79EFBC}") = "WPDMS.iOS", "WPDMS.iOS\WPDMS.iOS.csproj", "{45B4409B-EF0E-45F6-AD04-9A34A84FAE54}"
EndProject
Global
	GlobalSection(SolutionConfigurationPlatforms) = preSolution
		Debug|iPhoneSimulator = Debug|iPhoneSimulator
		Release|iPhoneSimulator = Release|iPhoneSimulator
		Debug|iPhone = Debug|iPhone
		Release|iPhone = Release|iPhone
		Ad-Hoc|iPhone = Ad-Hoc|iPhone
		AppStore|iPhone = AppStore|iPhone
	EndGlobalSection
	GlobalSection(ProjectConfigurationPlatforms) = postSolution
		{45B4409B-EF0E-45F6-AD04-9A34A84FAE54}.Ad-Hoc|iPhone.ActiveCfg = Ad-Hoc|iPhone
		{45B4409B-EF0E-45F6-AD04-9A34A84FAE54}.Ad-Hoc|iPhone.Build.0 = Ad-Hoc|iPhone
		{45B4409B-EF0E-45F6-AD04-9A34A84FAE54}.AppStore|iPhone.ActiveCfg = AppStore|iPhone
		{45B4409B-EF0E-45F6-AD04-9A34A84FAE54}.AppStore|iPhone.Build.0 = AppStore|iPhone
		{45B4409B-EF0E-45F6-AD04-9A34A84FAE54}.Debug|iPhone.ActiveCfg = Debug|iPhone
		{45B4409B-EF0E-45F6-AD04-9A34A84FAE54}.Debug|iPhone.Build.0 = Debug|iPhone
		{45B4409B-EF0E-45F6-AD04-9A34A84FAE54}.Debug|iPhoneSimulator.ActiveCfg = Debug|iPhoneSimulator
		{45B4409B-EF0E-45F6-AD04-9A34A84FAE54}.Debug|iPhoneSimulator.Build.0 = Debug|iPhoneSimulator
		{45B4409B-EF0E-45F6-AD04-9A34A84FAE54}.Release|iPhone.ActiveCfg = Release|iPhone
		{45B4409B-EF0E-45F6-AD04-9A34A84FAE54}.Release|iPhone.Build.0 = Release|iPhone
		{45B4409B-EF0E-45F6-AD04-9A34A84FAE54}.Release|iPhoneSimulator.ActiveCfg = Release|iPhoneSimulator
		{45B4409B-EF0E-45F6-AD04-9A34A84FAE54}.Release|iPhoneSimulator.Build.0 = Release|iPhoneSimulator
	EndGlobalSection
	GlobalSection(MonoDevelopProperties) = preSolution
		StartupItem = WPDMS.iOS\WPDMS.iOS.csproj
	EndGlobalSection
EndGlobal
